{
    "_meta": {
        "hash": {
            "sha256": "0de106b0cf8e699f236fa8c065d24f69a4ee7812c7fe211609ca1ab43689c447"
        },
        "pipfile-spec": 6,
        "requires": {
            "python_version": "3"
        },
        "sources": [
            {
                "name": "pypi",
                "url": "https://pypi.org/simple",
                "verify_ssl": true
            }
        ]
    },
    "default": {
        "appdirs": {
            "hashes": [
                "sha256:7d5d0167b2b1ba821647616af46a749d1c653740dd0d2415100fe26e27afdf41",
                "sha256:a841dacd6b99318a741b166adb07e19ee71a274450e68237b4650ca1055ab128"
            ],
            "version": "==1.4.4"
        },
        "attrs": {
            "hashes": [
                "sha256:1c7960ccfd6a005cd9f7ba884e6316b5e430a3f1a6c37c5f87d8b43f83b54ec9",
                "sha256:a17a9573a6f475c99b551c0e0a812707ddda1ec9653bed04c13841404ed6f450"
            ],
            "index": "pypi",
            "version": "==17.4.0"
        },
        "babel": {
            "hashes": [
                "sha256:ab49e12b91d937cd11f0b67cb259a57ab4ad2b59ac7a3b41d6c06c0ac5b0def9",
                "sha256:bc0c176f9f6a994582230df350aa6e05ba2ebe4b3ac317eab29d9be5d2768da0"
            ],
            "index": "pypi",
            "version": "==2.9.1"
        },
        "beautifulsoup4": {
            "hashes": [
                "sha256:11a9a27b7d3bddc6d86f59fb76afb70e921a25ac2d6cc55b40d072bd68435a76",
                "sha256:7015e76bf32f1f574636c4288399a6de66ce08fb7b2457f628a8d70c0fbabb11",
                "sha256:808b6ac932dccb0a4126558f7dfdcf41710dd44a4ef497a0bb59a77f9f078e89"
            ],
            "index": "pypi",
            "version": "==4.6.0"
        },
        "black": {
            "hashes": [
                "sha256:817243426042db1d36617910df579a54f1afd659adb96fc5032fcf4b36209739",
                "sha256:e030a9a28f542debc08acceb273f228ac422798e5215ba2a791a6ddeaaca22a5"
            ],
            "index": "pypi",
            "version": "==18.9b0"
        },
        "blinker": {
            "hashes": [
                "sha256:471aee25f3992bd325afa3772f1063dbdbbca947a041b8b89466dc00d606f8b6"
            ],
            "index": "pypi",
            "version": "==1.4"
        },
        "boto3": {
            "hashes": [
                "sha256:9b14e28f89e6e6e7fda505ffd3d681e2edceb48c72acdef15b8d79c574285d37",
                "sha256:9b4ef9b1ce046b482785102f9e20ad9268259a2ba1abc106a1535716a4cfa2b6"
            ],
            "index": "pypi",
            "version": "==1.9.201"
        },
        "botocore": {
            "hashes": [
                "sha256:3baf129118575602ada9926f5166d82d02273c250d0feb313fc270944b27c48b",
                "sha256:dc080aed4f9b220a9e916ca29ca97a9d37e8e1d296fe89cbaeef929bf0c8066b"
            ],
            "version": "==1.12.253"
        },
        "certifi": {
            "hashes": [
                "sha256:14131608ad2fd56836d33a71ee60fa1c82bc9d2c8d98b7bdbc631fe1b3cd1296",
                "sha256:edbc3f203427eef571f79a7692bb160a2b0f7ccaa31953e99bd17e307cf63f7d"
            ],
            "index": "pypi",
            "version": "==2018.1.18"
        },
        "cffi": {
            "hashes": [
                "sha256:00c878c90cb53ccfaae6b8bc18ad05d2036553e6d9d1d9dbcf323bbe83854ca3",
                "sha256:0104fb5ae2391d46a4cb082abdd5c69ea4eab79d8d44eaaf79f1b1fd806ee4c2",
                "sha256:06c48159c1abed75c2e721b1715c379fa3200c7784271b3c46df01383b593636",
                "sha256:0808014eb713677ec1292301ea4c81ad277b6cdf2fdd90fd540af98c0b101d20",
                "sha256:10dffb601ccfb65262a27233ac273d552ddc4d8ae1bf93b21c94b8511bffe728",
                "sha256:14cd121ea63ecdae71efa69c15c5543a4b5fbcd0bbe2aad864baca0063cecf27",
                "sha256:17771976e82e9f94976180f76468546834d22a7cc404b17c22df2a2c81db0c66",
                "sha256:181dee03b1170ff1969489acf1c26533710231c58f95534e3edac87fff06c443",
                "sha256:23cfe892bd5dd8941608f93348c0737e369e51c100d03718f108bf1add7bd6d0",
                "sha256:263cc3d821c4ab2213cbe8cd8b355a7f72a8324577dc865ef98487c1aeee2bc7",
                "sha256:2756c88cbb94231c7a147402476be2c4df2f6078099a6f4a480d239a8817ae39",
                "sha256:27c219baf94952ae9d50ec19651a687b826792055353d07648a5695413e0c605",
                "sha256:2a23af14f408d53d5e6cd4e3d9a24ff9e05906ad574822a10563efcef137979a",
                "sha256:31fb708d9d7c3f49a60f04cf5b119aeefe5644daba1cd2a0fe389b674fd1de37",
                "sha256:3415c89f9204ee60cd09b235810be700e993e343a408693e80ce7f6a40108029",
                "sha256:3773c4d81e6e818df2efbc7dd77325ca0dcb688116050fb2b3011218eda36139",
                "sha256:3b96a311ac60a3f6be21d2572e46ce67f09abcf4d09344c49274eb9e0bf345fc",
                "sha256:3f7d084648d77af029acb79a0ff49a0ad7e9d09057a9bf46596dac9514dc07df",
                "sha256:41d45de54cd277a7878919867c0f08b0cf817605e4eb94093e7516505d3c8d14",
                "sha256:4238e6dab5d6a8ba812de994bbb0a79bddbdf80994e4ce802b6f6f3142fcc880",
                "sha256:45db3a33139e9c8f7c09234b5784a5e33d31fd6907800b316decad50af323ff2",
                "sha256:45e8636704eacc432a206ac7345a5d3d2c62d95a507ec70d62f23cd91770482a",
                "sha256:4958391dbd6249d7ad855b9ca88fae690783a6be9e86df65865058ed81fc860e",
                "sha256:4a306fa632e8f0928956a41fa8e1d6243c71e7eb59ffbd165fc0b41e316b2474",
                "sha256:57e9ac9ccc3101fac9d6014fba037473e4358ef4e89f8e181f8951a2c0162024",
                "sha256:59888172256cac5629e60e72e86598027aca6bf01fa2465bdb676d37636573e8",
                "sha256:5e069f72d497312b24fcc02073d70cb989045d1c91cbd53979366077959933e0",
                "sha256:64d4ec9f448dfe041705426000cc13e34e6e5bb13736e9fd62e34a0b0c41566e",
                "sha256:6dc2737a3674b3e344847c8686cf29e500584ccad76204efea14f451d4cc669a",
                "sha256:74fdfdbfdc48d3f47148976f49fab3251e550a8720bebc99bf1483f5bfb5db3e",
                "sha256:75e4024375654472cc27e91cbe9eaa08567f7fbdf822638be2814ce059f58032",
                "sha256:786902fb9ba7433aae840e0ed609f45c7bcd4e225ebb9c753aa39725bb3e6ad6",
                "sha256:8b6c2ea03845c9f501ed1313e78de148cd3f6cad741a75d43a29b43da27f2e1e",
                "sha256:91d77d2a782be4274da750752bb1650a97bfd8f291022b379bb8e01c66b4e96b",
                "sha256:91ec59c33514b7c7559a6acda53bbfe1b283949c34fe7440bcf917f96ac0723e",
                "sha256:920f0d66a896c2d99f0adbb391f990a84091179542c205fa53ce5787aff87954",
                "sha256:a5263e363c27b653a90078143adb3d076c1a748ec9ecc78ea2fb916f9b861962",
                "sha256:abb9a20a72ac4e0fdb50dae135ba5e77880518e742077ced47eb1499e29a443c",
                "sha256:c2051981a968d7de9dd2d7b87bcb9c939c74a34626a6e2f8181455dd49ed69e4",
                "sha256:c21c9e3896c23007803a875460fb786118f0cdd4434359577ea25eb556e34c55",
                "sha256:c2502a1a03b6312837279c8c1bd3ebedf6c12c4228ddbad40912d671ccc8a962",
                "sha256:d4d692a89c5cf08a8557fdeb329b82e7bf609aadfaed6c0d79f5a449a3c7c023",
                "sha256:da5db4e883f1ce37f55c667e5c0de439df76ac4cb55964655906306918e7363c",
                "sha256:e7022a66d9b55e93e1a845d8c9eba2a1bebd4966cd8bfc25d9cd07d515b33fa6",
                "sha256:ef1f279350da2c586a69d32fc8733092fd32cc8ac95139a00377841f59a3f8d8",
                "sha256:f54a64f8b0c8ff0b64d18aa76675262e1700f3995182267998c31ae974fbc382",
                "sha256:f5c7150ad32ba43a07c4479f40241756145a1f03b43480e058cfd862bf5041c7",
                "sha256:f6f824dc3bce0edab5f427efcfb1d63ee75b6fcb7282900ccaf925be84efb0fc",
                "sha256:fd8a250edc26254fe5b33be00402e6d287f562b6a5b2152dec302fa15bb3e997",
                "sha256:ffaa5c925128e29efbde7301d8ecaf35c8c60ffbcd6a1ffd3a552177c8e5e796"
            ],
            "version": "==1.15.0"
        },
        "chalice": {
            "hashes": [
                "sha256:98a1237bf77f18761d8f964cb3c3b794e2d377a261b5e1640268608ec94336fa",
                "sha256:f778d065a3c8443750e199c604d9429c87d3bc136ec20191bc56fcfe444e9199"
            ],
            "index": "pypi",
            "version": "==1.7.0"
        },
        "chardet": {
            "hashes": [
                "sha256:84ab92ed1c4d4f16916e05906b6b75a6c0fb5db821cc65e70cbd64a3e2a5eaae",
                "sha256:fc323ffcaeaed0e0a02bf4d117757b98aed530d9ed4531e3e15460124c106691"
            ],
            "index": "pypi",
            "version": "==3.0.4"
        },
        "charset-normalizer": {
            "hashes": [
                "sha256:e019de665e2bcf9c2b64e2e5aa025fa991da8720daa3c1138cadd2fd1856aed0",
                "sha256:f7af805c321bfa1ce6714c51f254e0d5bb5e5834039bc17db7ebe3a4cec9492b"
            ],
            "markers": "python_version >= '3'",
            "version": "==2.0.7"
        },
        "click": {
            "hashes": [
                "sha256:cc6a19da8ebff6e7074f731447ef7e112bd23adf3de5c597cf9989f2fd8defe9",
                "sha256:fcf697e1fd4b567d817c69dab10a4035937fe6af175c05fd6806b69f74cbc6c4"
            ],
            "index": "pypi",
            "version": "==6.6"
        },
        "cryptography": {
            "hashes": [
                "sha256:07bb7fbfb5de0980590ddfc7f13081520def06dc9ed214000ad4372fb4e3c7f6",
                "sha256:18d90f4711bf63e2fb21e8c8e51ed8189438e6b35a6d996201ebd98a26abbbe6",
                "sha256:1ed82abf16df40a60942a8c211251ae72858b25b7421ce2497c2eb7a1cee817c",
                "sha256:22a38e96118a4ce3b97509443feace1d1011d0571fae81fc3ad35f25ba3ea999",
                "sha256:2d69645f535f4b2c722cfb07a8eab916265545b3475fdb34e0be2f4ee8b0b15e",
                "sha256:4a2d0e0acc20ede0f06ef7aa58546eee96d2592c00f450c9acb89c5879b61992",
                "sha256:54b2605e5475944e2213258e0ab8696f4f357a31371e538ef21e8d61c843c28d",
                "sha256:7075b304cd567694dc692ffc9747f3e9cb393cc4aa4fb7b9f3abd6f5c4e43588",
                "sha256:7b7ceeff114c31f285528ba8b390d3e9cfa2da17b56f11d366769a807f17cbaa",
                "sha256:7eba2cebca600a7806b893cb1d541a6e910afa87e97acf2021a22b32da1df52d",
                "sha256:928185a6d1ccdb816e883f56ebe92e975a262d31cc536429041921f8cb5a62fd",
                "sha256:9933f28f70d0517686bd7de36166dda42094eac49415459d9bdf5e7df3e0086d",
                "sha256:a688ebcd08250eab5bb5bca318cc05a8c66de5e4171a65ca51db6bd753ff8953",
                "sha256:abb5a361d2585bb95012a19ed9b2c8f412c5d723a9836418fab7aaa0243e67d2",
                "sha256:c10c797ac89c746e488d2ee92bd4abd593615694ee17b2500578b63cad6b93a8",
                "sha256:ced40344e811d6abba00295ced98c01aecf0c2de39481792d87af4fa58b7b4d6",
                "sha256:d57e0cdc1b44b6cdf8af1d01807db06886f10177469312fbde8f44ccbb284bc9",
                "sha256:d99915d6ab265c22873f1b4d6ea5ef462ef797b4140be4c9d8b179915e0985c6",
                "sha256:eb80e8a1f91e4b7ef8b33041591e6d89b2b8e122d787e87eeb2b08da71bb16ad",
                "sha256:ebeddd119f526bcf323a89f853afb12e225902a24d29b55fe18dd6fcb2838a76"
            ],
            "markers": "python_version >= '3.6'",
            "version": "==35.0.0"
        },
        "cssutils": {
            "hashes": [
                "sha256:a2fcf06467553038e98fea9cfe36af2bf14063eb147a70958cfcaa8f5786acaf",
                "sha256:c74dbe19c92f5052774eadb15136263548dd013250f1ed1027988e7fef125c8d"
            ],
            "index": "pypi",
            "version": "==1.0.2"
        },
        "dataclasses": {
            "hashes": [
                "sha256:0201d89fa866f68c8ebd9d08ee6ff50c0b255f8ec63a71c16fda7af82bb887bf",
                "sha256:8479067f342acf957dc82ec415d355ab5edb7e7646b90dc6e2fd1d96ad084c97"
            ],
            "markers": "python_version < '3.7'",
            "version": "==0.8"
        },
        "dnspython": {
            "hashes": [
                "sha256:95d12f6ef0317118d2a1a6fc49aac65ffec7eb8087474158f42f26a639135216",
                "sha256:e4a87f0b573201a0f3727fa18a516b055fd1107e0e5477cded4a2de497df1dd4"
            ],
            "index": "pypi",
            "version": "==2.1.0"
        },
        "docutils": {
            "hashes": [
                "sha256:02aec4bd92ab067f6ff27a38a38a41173bf01bed8f89157768c1573f53e474a6",
                "sha256:51e64ef2ebfb29cae1faa133b3710143496eca21c530f3f71424d77687764274",
                "sha256:7a4bd47eaf6596e1295ecb11361139febe29b084a87bf005bf899f9a42edc3c6"
            ],
            "index": "pypi",
            "version": "==0.14"
        },
        "ecdsa": {
            "hashes": [
                "sha256:5cf31d5b33743abe0dfc28999036c849a69d548f994b535e527ee3cb7f3ef676",
                "sha256:b9f500bb439e4153d0330610f5d26baaf18d17b8ced1bc54410d189385ea68aa"
            ],
            "markers": "python_version >= '2.6' and python_version not in '3.0, 3.1, 3.2, 3.3'",
            "version": "==0.17.0"
        },
        "enum-compat": {
            "hashes": [
                "sha256:3677daabed56a6f724451d585662253d8fb4e5569845aafa8bb0da36b1a8751e",
                "sha256:88091b617c7fc3bbbceae50db5958023c48dc40b50520005aa3bf27f8f7ea157"
            ],
            "version": "==0.0.3"
        },
        "flatdict": {
            "hashes": [
                "sha256:ca3066e694f4665cff063d3e04f32845b78f44ea3ae576140e5cbbcbcd309485"
            ],
            "index": "pypi",
            "version": "==3.0.0"
        },
        "freezegun": {
            "hashes": [
                "sha256:177f9dd59861d871e27a484c3332f35a6e3f5d14626f2bf91be37891f18927f3",
                "sha256:2ae695f7eb96c62529f03a038461afe3c692db3465e215355e1bb4b0ab408712"
            ],
            "index": "pypi",
            "version": "==1.1.0"
        },
        "html2text": {
            "hashes": [
                "sha256:490db40fe5b2cd79c461cf56be4d39eb8ca68191ae41ba3ba79f6cb05b7dd662",
                "sha256:627514fb30e7566b37be6900df26c2c78a030cc9e6211bda604d8181233bcdd4"
            ],
            "index": "pypi",
            "version": "==2018.1.9"
        },
        "idna": {
            "hashes": [
                "sha256:2c6a5de3089009e3da7c5dde64a141dbc8551d5b7f6cf4ed7c2568d0cc520a8f",
                "sha256:8c7309c718f94b3a625cb648ace320157ad16ff131ae0af362c9f21b80ef6ec4"
            ],
            "index": "pypi",
            "version": "==2.6"
        },
        "importlib-metadata": {
            "hashes": [
                "sha256:b618b6d2d5ffa2f16add5697cf57a46c76a56229b0ed1c438322e4e95645bd15",
                "sha256:f284b3e11256ad1e5d03ab86bb2ccd6f5339688ff17a4d797a0fe7df326f23b1"
            ],
            "markers": "python_version < '3.8'",
            "version": "==4.8.1"
        },
        "isodate": {
            "hashes": [
                "sha256:2e364a3d5759479cdb2d37cce6b9376ea504db2ff90252a2e5b7cc89cc9ff2d8",
                "sha256:aa4d33c06640f5352aca96e4b81afd8ab3b47337cc12089822d6f322ac772c81"
            ],
            "index": "pypi",
            "version": "==0.6.0"
        },
        "jinja2": {
            "hashes": [
                "sha256:065c4f02ebe7f7cf559e49ee5a95fb800a9e4528727aec6f24402a5374c65013",
                "sha256:14dd6caf1527abb21f08f86c784eac40853ba93edb79552aa1e4b8aef1b61c7b"
            ],
            "index": "pypi",
            "version": "==2.10.1"
        },
        "jmespath": {
            "hashes": [
                "sha256:6a81d4c9aa62caf061cb517b4d9ad1dd300374cd4706997aff9cd6aedd61fc64",
                "sha256:f11b4461f425740a1d908e9a3f7365c3d2e569f6ca68a2ff8bc5bcd9676edd63"
            ],
            "index": "pypi",
            "version": "==0.9.3"
        },
        "jsonpatch": {
            "hashes": [
                "sha256:26ac385719ac9f54df8a2f0827bb8253aa3ea8ab7b3368457bcdb8c14595a397",
                "sha256:b6ddfe6c3db30d81a96aaeceb6baf916094ffa23d7dd5fa2c13e13f8b6e600c2"
            ],
            "index": "pypi",
            "version": "==1.32"
        },
        "jsonpointer": {
            "hashes": [
                "sha256:150f80c5badd02c757da6644852f612f88e8b4bc2f9852dcbf557c8738919686",
                "sha256:5a34b698db1eb79ceac454159d3f7c12a451a91f6334a4f638454327b7a89962"
            ],
            "index": "pypi",
            "version": "==2.1"
        },
        "markupsafe": {
            "hashes": [
                "sha256:00bc623926325b26bb9605ae9eae8a215691f33cae5df11ca5424f06f2d1f473",
                "sha256:09027a7803a62ca78792ad89403b1b7a73a01c8cb65909cd876f7fcebd79b161",
                "sha256:09c4b7f37d6c648cb13f9230d847adf22f8171b1ccc4d5682398e77f40309235",
                "sha256:1027c282dad077d0bae18be6794e6b6b8c91d58ed8a8d89a89d59693b9131db5",
                "sha256:13d3144e1e340870b25e7b10b98d779608c02016d5184cfb9927a9f10c689f42",
                "sha256:195d7d2c4fbb0ee8139a6cf67194f3973a6b3042d742ebe0a9ed36d8b6f0c07f",
                "sha256:22c178a091fc6630d0d045bdb5992d2dfe14e3259760e713c490da5323866c39",
                "sha256:24982cc2533820871eba85ba648cd53d8623687ff11cbb805be4ff7b4c971aff",
                "sha256:29872e92839765e546828bb7754a68c418d927cd064fd4708fab9fe9c8bb116b",
                "sha256:2beec1e0de6924ea551859edb9e7679da6e4870d32cb766240ce17e0a0ba2014",
                "sha256:3b8a6499709d29c2e2399569d96719a1b21dcd94410a586a18526b143ec8470f",
                "sha256:43a55c2930bbc139570ac2452adf3d70cdbb3cfe5912c71cdce1c2c6bbd9c5d1",
                "sha256:46c99d2de99945ec5cb54f23c8cd5689f6d7177305ebff350a58ce5f8de1669e",
                "sha256:500d4957e52ddc3351cabf489e79c91c17f6e0899158447047588650b5e69183",
                "sha256:535f6fc4d397c1563d08b88e485c3496cf5784e927af890fb3c3aac7f933ec66",
                "sha256:596510de112c685489095da617b5bcbbac7dd6384aeebeda4df6025d0256a81b",
                "sha256:62fe6c95e3ec8a7fad637b7f3d372c15ec1caa01ab47926cfdf7a75b40e0eac1",
                "sha256:6788b695d50a51edb699cb55e35487e430fa21f1ed838122d722e0ff0ac5ba15",
                "sha256:6dd73240d2af64df90aa7c4e7481e23825ea70af4b4922f8ede5b9e35f78a3b1",
                "sha256:6f1e273a344928347c1290119b493a1f0303c52f5a5eae5f16d74f48c15d4a85",
                "sha256:6fffc775d90dcc9aed1b89219549b329a9250d918fd0b8fa8d93d154918422e1",
                "sha256:717ba8fe3ae9cc0006d7c451f0bb265ee07739daf76355d06366154ee68d221e",
                "sha256:79855e1c5b8da654cf486b830bd42c06e8780cea587384cf6545b7d9ac013a0b",
                "sha256:7c1699dfe0cf8ff607dbdcc1e9b9af1755371f92a68f706051cc8c37d447c905",
                "sha256:7fed13866cf14bba33e7176717346713881f56d9d2bcebab207f7a036f41b850",
                "sha256:84dee80c15f1b560d55bcfe6d47b27d070b4681c699c572af2e3c7cc90a3b8e0",
                "sha256:88e5fcfb52ee7b911e8bb6d6aa2fd21fbecc674eadd44118a9cc3863f938e735",
                "sha256:8defac2f2ccd6805ebf65f5eeb132adcf2ab57aa11fdf4c0dd5169a004710e7d",
                "sha256:98bae9582248d6cf62321dcb52aaf5d9adf0bad3b40582925ef7c7f0ed85fceb",
                "sha256:98c7086708b163d425c67c7a91bad6e466bb99d797aa64f965e9d25c12111a5e",
                "sha256:9add70b36c5666a2ed02b43b335fe19002ee5235efd4b8a89bfcf9005bebac0d",
                "sha256:9bf40443012702a1d2070043cb6291650a0841ece432556f784f004937f0f32c",
                "sha256:a6a744282b7718a2a62d2ed9d993cad6f5f585605ad352c11de459f4108df0a1",
                "sha256:acf08ac40292838b3cbbb06cfe9b2cb9ec78fce8baca31ddb87aaac2e2dc3bc2",
                "sha256:ade5e387d2ad0d7ebf59146cc00c8044acbd863725f887353a10df825fc8ae21",
                "sha256:b00c1de48212e4cc9603895652c5c410df699856a2853135b3967591e4beebc2",
                "sha256:b1282f8c00509d99fef04d8ba936b156d419be841854fe901d8ae224c59f0be5",
                "sha256:b1dba4527182c95a0db8b6060cc98ac49b9e2f5e64320e2b56e47cb2831978c7",
                "sha256:b2051432115498d3562c084a49bba65d97cf251f5a331c64a12ee7e04dacc51b",
                "sha256:b7d644ddb4dbd407d31ffb699f1d140bc35478da613b441c582aeb7c43838dd8",
                "sha256:ba59edeaa2fc6114428f1637ffff42da1e311e29382d81b339c1817d37ec93c6",
                "sha256:bf5aa3cbcfdf57fa2ee9cd1822c862ef23037f5c832ad09cfea57fa846dec193",
                "sha256:c8716a48d94b06bb3b2524c2b77e055fb313aeb4ea620c8dd03a105574ba704f",
                "sha256:caabedc8323f1e93231b52fc32bdcde6db817623d33e100708d9a68e1f53b26b",
                "sha256:cd5df75523866410809ca100dc9681e301e3c27567cf498077e8551b6d20e42f",
                "sha256:cdb132fc825c38e1aeec2c8aa9338310d29d337bebbd7baa06889d09a60a1fa2",
                "sha256:d53bc011414228441014aa71dbec320c66468c1030aae3a6e29778a3382d96e5",
                "sha256:d73a845f227b0bfe8a7455ee623525ee656a9e2e749e4742706d80a6065d5e2c",
                "sha256:d9be0ba6c527163cbed5e0857c451fcd092ce83947944d6c14bc95441203f032",
                "sha256:e249096428b3ae81b08327a63a485ad0878de3fb939049038579ac0ef61e17e7",
                "sha256:e8313f01ba26fbbe36c7be1966a7b7424942f670f38e666995b88d012765b9be",
                "sha256:feb7b34d6325451ef96bc0e36e1a6c0c1c64bc1fbec4b854f4529e51887b1621"
            ],
            "index": "pypi",
            "version": "==1.1.1"
        },
        "mongomock": {
            "editable": true,
            "git": "https://github.com/mongomock/mongomock.git",
            "ref": "3c3fe7216b9a424844acbf944fdfa775dc693487"
        },
        "more-itertools": {
            "hashes": [
                "sha256:1debcabeb1df793814859d64a81ad7cb10504c24349368ccf214c664c474f41f",
                "sha256:56ddac45541718ba332db05f464bebfb0768110111affd27f66e0051f276fa43"
            ],
            "markers": "python_version >= '3.5'",
            "version": "==8.10.0"
        },
        "moto": {
            "hashes": [
                "sha256:2a29da1d06a13a1a5f2dc2bf7742b31f6dc8e71069c7626c2300e18c84bec9e3",
                "sha256:d646625c8bcd918d60f1c43dfb902b3166516b623dea91ae3f4bb87d2e10a7a3"
            ],
            "index": "pypi",
            "version": "==2.2.10"
        },
        "pdfkit": {
            "hashes": [
                "sha256:05f1c631e8d9ab877886955da825e48b459e097886a21448ab17b34c60cfd66c",
                "sha256:6a866c9659e62a81abd72cdb32b400762d76085b964beb0b15106d573a539677",
                "sha256:a315a665c266db28fb751891d0661fe5e750ced812cb4eadb3ce63afba9a7475",
                "sha256:ef1da35b78d534197e7ce4a604a4a190e9aa769e56634957535f3479a50d8cd1"
            ],
            "index": "pypi",
            "version": "==0.6.1"
        },
        "py-expression-eval": {
            "hashes": [
                "sha256:0cb83733da955281044193f68fccabca5a34633c366e2fda93d584ebe711b588",
                "sha256:d80a948f91f78d08f789b0a7c3fb2bd9a34ad625f5ce88c262a6c91189a4abb9"
            ],
            "index": "pypi",
            "version": "==0.3.9"
        },
        "pyasn1": {
            "hashes": [
                "sha256:014c0e9976956a08139dc0712ae195324a75e142284d5f87f1a87ee1b068a359",
                "sha256:03840c999ba71680a131cfaee6fab142e1ed9bbd9c693e285cc6aca0d555e576",
                "sha256:0458773cfe65b153891ac249bcf1b5f8f320b7c2ce462151f8fa74de8934becf",
                "sha256:08c3c53b75eaa48d71cf8c710312316392ed40899cb34710d092e96745a358b7",
                "sha256:39c7e2ec30515947ff4e87fb6f456dfc6e84857d34be479c9d4a4ba4bf46aa5d",
                "sha256:5c9414dcfede6e441f7e8f81b43b34e834731003427e5b09e4e00e3172a10f00",
                "sha256:6e7545f1a61025a4e58bb336952c5061697da694db1cae97b116e9c46abcf7c8",
                "sha256:78fa6da68ed2727915c4767bb386ab32cdba863caa7dbe473eaae45f9959da86",
                "sha256:7ab8a544af125fb704feadb008c99a88805126fb525280b2270bb25cc1d78a12",
                "sha256:99fcc3c8d804d1bc6d9a099921e39d827026409a58f2a720dcdb89374ea0c776",
                "sha256:aef77c9fb94a3ac588e87841208bdec464471d9871bd5050a287cc9a475cd0ba",
                "sha256:e89bf84b5437b532b0803ba5c9a5e054d21fec423a89952a74f87fa2c9b7bce2",
                "sha256:fec3e9d8e36808a28efb59b489e4528c10ad0f480e57dcc32b4de5c9d8c9fdf3"
            ],
            "version": "==0.4.8"
        },
        "pycparser": {
            "hashes": [
                "sha256:2d475327684562c3a96cc71adf7dc8c4f0565175cf86b6d7a404ff4c771f15f0",
                "sha256:7582ad22678f0fcd81102833f60ef8d0e57288b6b5fb00323d101be910e35705"
            ],
            "markers": "python_version >= '2.7' and python_version not in '3.0, 3.1, 3.2, 3.3'",
            "version": "==2.20"
        },
        "pycryptodomex": {
            "hashes": [
                "sha256:0398366656bb55ebdb1d1d493a7175fc48ade449283086db254ac44c7d318d6d",
                "sha256:1580db5878b1d16a233550829f7c189c43005f7aa818f2f95c7dddbd6a7163cc",
                "sha256:15d25c532de744648f0976c56bd10d07b2a44b7eb2a6261ffe2497980b1102d8",
                "sha256:1d4d13c59d2cfbc0863c725f5812d66ff0d6836ba738ef26a52e1291056a1c7c",
                "sha256:1dd4271d8d022216533c3547f071662b44d703fd5dbb632c4b5e77b3ee47567f",
                "sha256:207e53bdbf3a26de6e9dcf3ebaf67ba70a61f733f84c464eca55d278211c1b71",
                "sha256:252ac9c1e1ae1c256a75539e234be3096f2d100b9f4bae42ef88067787b9b249",
                "sha256:2b586d13ef07fa6197b6348a48dbbe9525f4f496205de14edfa4e91d99e69672",
                "sha256:4c7c6418a3c08b2ebfc2cf50ce52de267618063b533083a2c73b40ec54a1b6f5",
                "sha256:5baf690d27f39f2ba22f06e8e32c5f1972573ca65db6bdbb8b2c7177a0112dab",
                "sha256:64a83ab6f54496ab968a6f21a41a620afe0a742573d609fd03dcab7210645153",
                "sha256:6a76d7821ae43df8a0e814cca32114875916b9fc2158603b364853de37eb9002",
                "sha256:7abfd84a362e4411f7c5f5758c18cbf377a2a2be64b9232e78544d75640c677e",
                "sha256:7cc5ee80b2d5ee8f59a761741cfb916a068c97cac5e700c8ce01e1927616aa2f",
                "sha256:91662b27f5aa8a6d2ad63be9a7d1a403e07bf3c2c5b265a7cc5cbadf6f988e06",
                "sha256:919cadcedad552e78349d1626115cfd246fc03ad469a4a62c91a12204f0f0d85",
                "sha256:9eace1e5420abc4f9e76de01e49caca349b7c80bda9c1643193e23a06c2a332c",
                "sha256:adc25aa8cfc537373dd46ae97863f16fd955edee14bf54d3eb52bde4e4ac8c7b",
                "sha256:bf2ea67eaa1fff0aecef6da881144f0f91e314b4123491f9a4fa8df0598e48fe",
                "sha256:c10b2f6bcbaa9aa51fe08207654100074786d423b03482c0cbe44406ca92d146",
                "sha256:c391ec5c423a374a36b90f7c8805fdf51a0410a2b5be9cebd8990e0021cb6da4",
                "sha256:c43ddcff251e8b427b3e414b026636617276e008a9d78a44a9195d4bdfcaa0fe",
                "sha256:c825611a951baad63faeb9ef1517ef96a20202d6029ae2485b729152cc703fab",
                "sha256:c91772cf6808cc2d80279e80b491c48cb688797b6d914ff624ca95d855c24ee5",
                "sha256:cf30b5e03d974874185b989839c396d799f6e2d4b4d5b2d8bd3ba464eb3cc33f",
                "sha256:ef25d682d0d9ab25c5022a298b5cba9084c7b148a3e71846df2c67ea664eacc7",
                "sha256:f35ccfa44a1dd267e392cd76d8525cfcfabee61dd070e15ad2119c54c0c31ddf",
                "sha256:fbe09e3ae95f47c7551a24781d2e348974cde4a0b33bc3b1566f6216479db2b1",
                "sha256:fe2b8c464ba335e71aed74f830bf2b2881913f8905d166f9c0fe06ca44a1cb5e",
                "sha256:ff0826f3886e85708a0e8ef7ec47020723b998cfed6ae47962d915fcb89ec780"
            ],
            "index": "pypi",
            "version": "==3.11.0"
        },
        "pydash": {
            "hashes": [
                "sha256:853e9ecc73abacaebb18713d607faaac915cbfbab074c6a266d5777e0e960eef",
                "sha256:e283a7839b61020f82585d8df33e50010aeca97632ef56c981a684628014c5fa"
            ],
            "index": "pypi",
            "version": "==4.5.0"
        },
        "pymodm": {
            "hashes": [
                "sha256:28998a32dd5c3099b9c45f88b7cb2af449bd66bf1d38a9777c452023984309f6",
                "sha256:906223905aa6df2fd35b5f72b0b3dac85ba7f83884beeee73f7e411ca53388ee",
                "sha256:eeb2e4c586d98dda8d199abe27b11791a5f7d5b52d43f041919e71cb61282f9d"
            ],
            "index": "pypi",
            "version": "==0.4.1"
        },
        "pymongo": {
            "extras": [
                "tls"
            ],
            "hashes": [
                "sha256:02e0c088f189ca69fac094cb5f851b43bbbd7cec42114495777d4d8f297f7f8a",
                "sha256:138248c542051eb462f88b50b0267bd5286d6661064bab06faa0ef6ac30cdb4b",
                "sha256:13a7c6d055af58a1e9c505e736da8b6a2e95ccc8cec10b008143f7a536e5de8a",
                "sha256:13d74bf3435c1e58d8fafccc0d5e87f246ae2c6e9cbef4b35e32a1c3759e354f",
                "sha256:15dae01341571d0af51526b7a21648ca575e9375e16ba045c9860848dfa8952f",
                "sha256:17238115e6d37f5423b046cb829f1ca02c4ea7edb163f5b8b88e0c975dc3fec9",
                "sha256:180b405e17b90a877ea5dbc5efe7f4c171af4c89323148e100c0f12cedb86f12",
                "sha256:1821ce4e5a293313947fd017bbd2d2535aa6309680fa29b33d0442d15da296ec",
                "sha256:1a7b138a04fdd17849930dc8bf664002e17db38448850bfb96d200c9c5a8b3a1",
                "sha256:1c4e51a3b69789b6f468a8e881a13f2d1e8f5e99e41f80fd44845e6ec0f701e1",
                "sha256:1d55982e5335925c55e2b87467043866ce72bd30ea7e7e3eeed6ec3d95a806d4",
                "sha256:1fa6f08ddb6975371777f97592d35c771e713ee2250e55618148a5e57e260aff",
                "sha256:2174d3279b8e2b6d7613b338f684cd78ff7adf1e7ec5b7b7bde5609a129c9898",
                "sha256:2462a68f6675da548e333fa299d8e9807e00f95a4d198cfe9194d7be69f40c9b",
                "sha256:25fd76deabe9ea37c8360c362b32f702cc095a208dd1c5328189938ca7685847",
                "sha256:287c2a0063267c1458c4ddf528b44063ce7f376a6436eea5bccd7f625bbc3b5e",
                "sha256:2d3abe548a280b49269c7907d5b71199882510c484d680a5ea7860f30c4a695f",
                "sha256:2fa101bb23619120673899694a65b094364269e597f551a87c4bdae3a474d726",
                "sha256:2fda3b3fb5c0d159195ab834b322a23808f1b059bcc7e475765abeddee6a2529",
                "sha256:303531649fa45f96b694054c1aa02f79bda32ef57affe42c5c339336717eed74",
                "sha256:36806ee53a85c3ba73939652f2ced2961e6a77cfbae385cd83f2e24cd97964b7",
                "sha256:37a63da5ee623acdf98e6d511171c8a5827a6106b0712c18af4441ef4f11e6be",
                "sha256:3a2fcbd04273a509fa85285d9eccf17ab65ce440bd4f5e5a58c978e563cd9e9a",
                "sha256:3b40e36d3036bfe69ba63ec8e746a390721f75467085a0384b528e1dda532c69",
                "sha256:4168b6c425d783e81723fc3dc382d374a228ff29530436a472a36d9f27593e73",
                "sha256:444c00ebc20f2f9dc62e34f7dc9453dc2f5f5a72419c8dccad6e26d546c35712",
                "sha256:45d6b47d70ed44e3c40bef618ed61866c48176e7e5dff80d06d8b1a6192e8584",
                "sha256:460bdaa3f65ddb5b7474ae08589a1763b5da1a78b8348351b9ba1c63b459d67d",
                "sha256:47ed77f62c8417a86f9ad158b803f3459a636386cb9d3d4e9e7d6a82d051f907",
                "sha256:48722e91981bb22a16b0431ea01da3e1cc5b96805634d3b8d3c2a5315c1ce7f1",
                "sha256:49b0d92724d3fce1174fd30b0b428595072d5c6b14d6203e46a9ea347ae7b439",
                "sha256:4a2d73a9281faefb273a5448f6d25f44ebd311ada9eb79b6801ae890508fe231",
                "sha256:4f4bc64fe9cbd70d46f519f1e88c9e4677f7af18ab9cd4942abce2bcfa7549c3",
                "sha256:5067c04d3b19c820faac6342854d887ade58e8d38c3db79b68c2a102bbb100e7",
                "sha256:51437c77030bed72d57d8a61e22758e3c389b13fea7787c808030002bb05ca39",
                "sha256:515e4708d6567901ffc06476a38abe2c9093733f52638235d9f149579c1d3de0",
                "sha256:5183b698d6542219e4135de583b57bc6286bd37df7f645b688278eb919bfa785",
                "sha256:56feb80ea1f5334ccab9bd16a5161571ab70392e51fcc752fb8a1dc67125f663",
                "sha256:573e2387d0686976642142c50740dfc4d3494cc627e2a7d22782b99f70879055",
                "sha256:58a67b3800476232f9989e533d0244060309451b436d46670a53e6d189f1a7e7",
                "sha256:5e3833c001a04aa06a28c6fd9628256862a654c09b0f81c07734b5629bc014ab",
                "sha256:5f5fe59328838fa28958cc06ecf94be585726b97d637012f168bc3c7abe4fd81",
                "sha256:6235bf2157aa46e53568ed79b70603aa8874baa202d5d1de82fa0eb917696e73",
                "sha256:63be03f7ae1e15e72a234637ec7941ef229c7ab252c9ff6af48bba1e5418961c",
                "sha256:65f159c445761cab04b665fc448b3fc008aebc98e54fdcbfd1aff195ef1b1408",
                "sha256:67e0b2ad3692f6d0335ae231a40de55ec395b6c2e971ad6f55b162244d1ec542",
                "sha256:68409171ab2aa7ccd6e8e839233e4b8ddeec246383c9a3698614e814739356f9",
                "sha256:6a96c04ce39d66df60d9ce89f4c254c4967bc7d9e2e2c52adc58f47be826ee96",
                "sha256:6ead0126fb4424c6c6a4fdc603d699a9db7c03cdb8eac374c352a75fec8a820a",
                "sha256:6eb6789f26c398c383225e1313c8e75a7d290d323b8eaf65f3f3ddd0eb8a5a3c",
                "sha256:6f07888e3b73c0dfa46f12d098760494f5f23fd66923a6615edfe486e6a7649c",
                "sha256:6f0f0a10f128ea0898e607d351ebfabf70941494fc94e87f12c76e2894d8e6c4",
                "sha256:704879b6a54c45ad76cea7c6789c1ae7185050acea7afd15b58318fa1932ed45",
                "sha256:7117bfd8827cfe550f65a3c399dcd6e02226197a91c6d11a3540c3e8efc686d6",
                "sha256:712de1876608fd5d76abc3fc8ec55077278dd5044073fbe9492631c9a2c58351",
                "sha256:75c7ef67b4b8ec070e7a4740764f6c03ec9246b59d95e2ae45c029d41cb9efa1",
                "sha256:77dddf596fb065de29fb39992fbc81301f7fd0003be649b7fa7448c77ca53bed",
                "sha256:7abc87e45b572eb6d17a50422e69a9e5d6f13e691e821fe2312df512500faa50",
                "sha256:7d8cdd2f070c71366e64990653522cce84b08dc26ab0d1fa19aa8d14ee0cf9ba",
                "sha256:81ce5f871f5d8e82615c8bd0b34b68a9650204c8b1a04ce7890d58c98eb66e39",
                "sha256:837cdef094f39c6f4a2967abc646a412999c2540fbf5d3cce1dd3b671f4b876c",
                "sha256:849e641cfed05c75d772f9e9018f42c5fbd00655d43d52da1b9c56346fd3e4cc",
                "sha256:87114b995506e7584cf3daf891e419b5f6e7e383e7df6267494da3a76312aa22",
                "sha256:87db421c9eb915b8d9a9a13c5b2ee338350e36ee83e26ff0adfc48abc5db3ac3",
                "sha256:8851544168703fb519e95556e3b463fca4beeef7ed3f731d81a68c8268515d9d",
                "sha256:891f541c7ed29b95799da0cd249ae1db1842777b564e8205a197b038c5df6135",
                "sha256:8f87f53c9cd89010ae45490ec2c963ff18b31f5f290dc08b04151709589fe8d9",
                "sha256:9641be893ccce7d192a0094efd0a0d9f1783a1ebf314b4128f8a27bfadb8a77c",
                "sha256:979e34db4f3dc5710c18db437aaf282f691092b352e708cb2afd4df287698c76",
                "sha256:9b62d84478f471fdb0dcea3876acff38f146bd23cbdbed15074fb4622064ec2e",
                "sha256:a472ca3d43d33e596ff5836c6cc71c3e61be33f44fe1cfdab4a1100f4af60333",
                "sha256:a5dbeeea6a375fbd79448b48a54c46fc9351611a03ef8398d2a40b684ce46194",
                "sha256:a7430f3987d232e782304c109be1d0e6fff46ca6405cb2479e4d8d08cd29541e",
                "sha256:a81e52dbf95f236a0c89a5abcd2b6e1331da0c0312f471c73fae76c79d2acf6b",
                "sha256:aa434534cc91f51a85e3099dc257ee8034b3d2be77f2ca58fb335a686e3a681f",
                "sha256:ab27d6d7d41a66d9e54269a290d27cd5c74f08e9add0054a754b4821026c4f42",
                "sha256:adb37bf22d25a51b84d989a2a5c770d4514ac590201eea1cb50ce8c9c5257f1d",
                "sha256:afb16330ab6efbbf995375ad94e970fa2f89bb46bd10d854b7047620fdb0d67d",
                "sha256:b1b06038c9940a49c73db0aeb0f6809b308e198da1326171768cf68d843af521",
                "sha256:b1e6d1cf4bd6552b5f519432cce1530c09e6b0aab98d44803b991f7e880bd332",
                "sha256:bf2d9d62178bb5c05e77d40becf89c309b1966fbcfb5c306238f81bf1ec2d6a2",
                "sha256:bfd073fea04061019a103a288847846b5ef40dfa2f73b940ed61e399ca95314f",
                "sha256:c04e84ccf590933a266180286d8b6a5fc844078a5d934432628301bd8b5f9ca7",
                "sha256:c0947d7be30335cb4c3d5d0983d8ebc8294ae52503cf1d596c926f7e7183900b",
                "sha256:c2a17752f97a942bdb4ff4a0516a67c5ade1658ebe1ab2edacdec0b42e39fa75",
                "sha256:c4653830375ab019b86d218c749ad38908b74182b2863d09936aa8d7f990d30e",
                "sha256:c660fd1e4a4b52f79f7d134a3d31d452948477b7f46ff5061074a534c5805ba6",
                "sha256:cb48ff6cc6109190e1ccf8ea1fc71cc244c9185813ce7d1c415dce991cfb8709",
                "sha256:cef2675004d85d85a4ccc24730b73a99931547368d18ceeed1259a2d9fcddbc1",
                "sha256:d1b98539b0de822b6f717498e59ae3e5ae2e7f564370ab513e6d0c060753e447",
                "sha256:d6c6989c10008ac70c2bb2ad2b940fcfe883712746c89f7e3308c14c213a70d7",
                "sha256:db3efec9dcecd96555d752215797816da40315d61878f90ca39c8e269791bf17",
                "sha256:dc4749c230a71b34db50ac2481d9008bb17b67c92671c443c3b40e192fbea78e",
                "sha256:dcf906c1f7a33e4222e4bff18da1554d69323bc4dd95fe867a6fa80709ee5f93",
                "sha256:e2bccadbe313b11704160aaba5eec95d2da1aa663f02f41d2d1520d02bbbdcd5",
                "sha256:e30cce3cc86d6082c8596b3fbee0d4f54bc4d337a4fa1bf536920e2e319e24f0",
                "sha256:e5d6428b8b422ba5205140e8be11722fa7292a0bedaa8bc80fb34c92eb19ba45",
                "sha256:e841695b5dbea38909ab2dbf17e91e9a823412d8d88d1ef77f1b94a7bc551c0f",
                "sha256:eb65ec0255a0fccc47c87d44e505ef5180bfd71690bd5f84161b1f23949fb209",
                "sha256:ed20ec5a01c43254f6047c5d8124b70d28e39f128c8ad960b437644fe94e1827",
                "sha256:ed751a20840a31242e7bea566fcf93ba75bc11b33afe2777bbf46069c1af5094",
                "sha256:ef8b927813c27c3bdfc82c55682d7767403bcdadfd9f9c0fc49f4be4553a877b",
                "sha256:f43cacda46fc188f998e6d308afe1c61ff41dcb300949f4cbf731e9a0a5eb2d3",
                "sha256:f44bea60fd2178d7153deef9621c4b526a93939da30010bba24d3408a98b0f79",
                "sha256:fcc021530b7c71069132fe4846d95a3cdd74d143adc2f7e398d5fabf610f111c",
                "sha256:fe16517b275031d61261a4e3941c411fb7c46a9cd012f02381b56e7907cc9e06",
                "sha256:fe3ae4294d593da54862f0140fdcc89d1aeeb94258ca97f094119ed7f0e5882d"
            ],
            "index": "pypi",
            "version": "==3.12.1"
        },
        "pynliner": {
            "hashes": [
                "sha256:32da16ed8ba1fec775909e39f0ffa8e6e02a674b889286c9a2370c3c03f617a5",
                "sha256:83e7dd4d48001bebbe0a648d7089e94e21ffb74c5af2f582c47d8793ffe8628e"
            ],
            "index": "pypi",
            "version": "==0.8.0"
        },
        "python-dateutil": {
            "hashes": [
                "sha256:07009062406cffd554a9b4135cd2ff167c9bf6b7aac61fe946c93e69fad1bbd8",
                "sha256:8f95bb7e6edbb2456a51a1fb58c8dca942024b4f5844cae62c90aa88afe6e300"
            ],
            "index": "pypi",
            "version": "==2.7.0"
        },
        "python-dotenv": {
            "hashes": [
                "sha256:14f8185cc8d494662683e6914addcb7e95374771e707601dfc70166946b4c4b8",
                "sha256:bbd3da593fc49c249397cbfbcc449cf36cb02e75afc8157fcc6a81df6fb7750a"
            ],
            "index": "pypi",
            "version": "==0.19.1"
        },
        "python-jose": {
            "hashes": [
                "sha256:55779b5e6ad599c6336191246e95eb2293a9ddebd555f796a65f838f07e5d78a",
                "sha256:9b1376b023f8b298536eedd47ae1089bcdb848f1535ab30555cd92002d78923a"
            ],
            "index": "pypi",
            "version": "==3.3.0"
        },
        "pytz": {
            "hashes": [
                "sha256:07edfc3d4d2705a20a6e99d97f0c4b61c800b8232dc1c04d87e8554f130148dd",
                "sha256:3a47ff71597f821cd84a162e71593004286e5be07a340fd462f0d33a760782b5",
                "sha256:410bcd1d6409026fbaa65d9ed33bf6dd8b1e94a499e32168acfc7b332e4095c0",
                "sha256:5bd55c744e6feaa4d599a6cbd8228b4f8f9ba96de2c38d56f08e534b3c9edf0d",
                "sha256:61242a9abc626379574a166dc0e96a66cd7c3b27fc10868003fa210be4bff1c9",
                "sha256:887ab5e5b32e4d0c86efddd3d055c1f363cbaa583beb8da5e22d2fa2f64d51ef",
                "sha256:ba18e6a243b3625513d85239b3e49055a2f0318466e0b8a92b8fb8ca7ccdf55f",
                "sha256:ed6509d9af298b7995d69a440e2822288f2eca1681b8cce37673dbb10091e5fe",
                "sha256:f93ddcdd6342f94cea379c73cddb5724e0d6d0a1c91c9bdef364dc0368ba4fda"
            ],
            "index": "pypi",
            "version": "==2018.3"
        },
        "requests": {
            "hashes": [
                "sha256:6c1246513ecd5ecd4528a0906f910e8f0f9c6b8ec72030dc9fd154dc1a6efd24",
                "sha256:b8aa58f8cf793ffd8782d3d8cb19e66ef36f7aba4353eec859e74678b01b07a7"
            ],
            "index": "pypi",
            "version": "==2.26.0"
        },
        "responses": {
            "hashes": [
                "sha256:57bab4e9d4d65f31ea5caf9de62095032c4d81f591a8fac2f5858f7777b8567b",
                "sha256:93f774a762ee0e27c0d9d7e06227aeda9ff9f5f69392f72bb6c6b73f8763563e"
            ],
            "index": "pypi",
            "version": "==0.14.0"
        },
        "rsa": {
            "hashes": [
                "sha256:78f9a9bf4e7be0c5ded4583326e7461e3a3c5aae24073648b4bdfa797d78c9d2",
                "sha256:9d689e6ca1b3038bc82bf8d23e944b6b6037bc02301a574935b2dd946e0353b9"
            ],
            "markers": "python_version >= '3.5' and python_version < '4'",
            "version": "==4.7.2"
        },
        "s3transfer": {
            "hashes": [
                "sha256:6efc926738a3cd576c2a79725fed9afde92378aa5c6a957e3af010cb019fac9d",
                "sha256:b780f2411b824cb541dbcd2c713d0cb61c7d1bcadae204cdddda2b35cef493ba"
            ],
            "version": "==0.2.1"
        },
        "sentinels": {
            "hashes": [
                "sha256:7be0704d7fe1925e397e92d18669ace2f619c92b5d4eb21a89f31e026f9ff4b1"
            ],
            "version": "==1.0.0"
        },
        "shortuuid": {
            "hashes": [
                "sha256:d08fd398f40f8baf87e15eef8355e92fa541bca4eb8465fefab7ee22f92711b9"
            ],
            "index": "pypi",
            "version": "==0.5.0"
        },
        "six": {
            "hashes": [
                "sha256:70e8a77beed4562e7f14fe23a786b54f6296e34344c23bc42f07b15018ff98e9",
                "sha256:832dc0e10feb1aa2c68dcc57dbb658f1c7e65b9b61af69048abc87a2db00a0eb"
            ],
            "index": "pypi",
            "version": "==1.11.0"
        },
        "toml": {
            "hashes": [
                "sha256:806143ae5bfb6a3c6e736a764057db0e6a0e05e338b5630894a5f779cabb4f9b",
                "sha256:b3bda1d108d5dd99f4a20d24d9c348e91c4db7ab1b749200bded2f839ccbe68f"
            ],
            "markers": "python_version >= '2.6' and python_version not in '3.0, 3.1, 3.2, 3.3'",
            "version": "==0.10.2"
        },
        "typing": {
            "hashes": [
                "sha256:3a887b021a77b292e151afb75323dea88a7bc1b3dfa92176cff8e44c8b68bddf",
                "sha256:b2c689d54e1144bbcfd191b0832980a21c2dbcf7b5ff7a66248a60c90e951eb8",
                "sha256:d400a9344254803a2368533e4533a4200d21eb7b6b729c173bc38201a74db3f2"
            ],
            "index": "pypi",
            "version": "==3.6.4"
        },
        "typing-extensions": {
            "hashes": [
                "sha256:49f75d16ff11f1cd258e1b988ccff82a3ca5570217d7ad8c5f48205dd99a677e",
                "sha256:d8226d10bc02a29bcc81df19a26e56a9647f8b0a6d4a83924139f4a8b01f17b7",
                "sha256:f1d25edafde516b146ecd0613dabcc61409817af4766fbbcfb8d1ad4ec441a34"
            ],
            "markers": "python_version < '3.8'",
            "version": "==3.10.0.2"
        },
        "urllib3": {
            "hashes": [
                "sha256:91056c15fa70756691db97756772bb1eb9678fa585d9184f24534b100dc60f4a",
                "sha256:e7983572181f5e1522d9c98453462384ee92a0be7fac5f1413a1e35c56cc0461"
            ],
            "index": "pypi",
            "version": "==1.25.10"
        },
        "werkzeug": {
            "hashes": [
                "sha256:63d3dc1cf60e7b7e35e97fa9861f7397283b75d765afcaefd993d6046899de8f",
                "sha256:aa2bb6fc8dee8d6c504c0ac1e7f5f7dc5810a9903e793b6f715a9f015bdadb9a"
            ],
            "markers": "python_version >= '3.6'",
            "version": "==2.0.2"
        },
        "wheel": {
            "hashes": [
                "sha256:21014b2bd93c6d0034b6ba5d35e4eb284340e09d63c59aef6fc14b0f346146fd",
                "sha256:e2ef7239991699e3355d54f8e968a21bb940a1dbf34a4d226741e64462516fad"
            ],
            "markers": "python_version >= '2.7' and python_version not in '3.0, 3.1, 3.2, 3.3, 3.4'",
            "version": "==0.37.0"
        },
        "xmltodict": {
            "hashes": [
                "sha256:50d8c638ed7ecb88d90561beedbf720c9b4e851a9fa6c47ebd64e99d166d8a21",
                "sha256:8bbcb45cc982f48b2ca8fe7e7827c5d792f217ecf1792626f808bf41c3b86051"
            ],
            "version": "==0.12.0"
        },
        "zipp": {
            "hashes": [
                "sha256:71c644c5369f4a6e07636f0aa966270449561fcea2e3d6747b8d23efaa9d7832",
                "sha256:9fe5ea21568a0a70e50f273397638d39b03353731e6cbbb3fd8502a33fec40bc"
            ],
            "markers": "python_version >= '3.6'",
            "version": "==3.6.0"
        }
    },
    "develop": {}
}
